<?xml version="1.0" encoding="UTF-8" standalone="yes" ?>
<CodeBlocks_project_file>
	<FileVersion major="1" minor="6" />
	<Project>
		<Option title="TPBloqueII" />
		<Option pch_mode="2" />
		<Option compiler="gcc" />
		<Build>
			<Target title="Debug">
				<Option output="bin/Debug/TPBloqueI" prefix_auto="1" extension_auto="1" />
				<Option object_output="obj/Debug/" />
				<Option type="1" />
				<Option compiler="gcc" />
				<Compiler>
					<Add option="-g" />
					<Add directory="C:/Users/paco/Desktop/TPBloqueI/MisIncludes" />
					<Add directory="MisIncludes" />
				</Compiler>
			</Target>
			<Target title="Release">
				<Option output="bin/Release/TPBloqueI" prefix_auto="1" extension_auto="1" />
				<Option object_output="obj/Release/" />
				<Option type="1" />
				<Option compiler="gcc" />
				<Compiler>
					<Add option="-O2" />
				</Compiler>
				<Linker>
					<Add option="-s" />
				</Linker>
			</Target>
		</Build>
		<Compiler>
			<Add option="-Wall" />
		</Compiler>
		<Unit filename="MiArbol.c">
			<Option compilerVar="CC" />
		</Unit>
		<Unit filename="MiJuego.c">
			<Option compilerVar="CC" />
		</Unit>
		<Unit filename="MiSDL.c">
			<Option compilerVar="CC" />
		</Unit>
		<Unit filename="MisIncludes/MiArbol.h" />
		<Unit filename="MisIncludes/MiJuego.h" />
		<Unit filename="MisIncludes/MiSDL.h" />
		<Unit filename="TPBloqueII.c">
			<Option compilerVar="CC" />
		</Unit>
		<Extensions>
			<code_completion />
			<envvars />
			<debugger />
			<lib_finder disable_auto="1" />
		</Extensions>
	</Project>
</CodeBlocks_project_file>
